Microsoft Visual Studio Solution File, Format Version 11.00
# Visual Studio 2008

Project("{1AA019BF-7A09-81A1-BF87-FBC1B5A84447}") = "CYplayer", "Assembly-CSharp-firstpass-vs.csproj", "{004F2EDD-C7D3-696B-094B-EED812EB5C6F}"
EndProject
Project("{1AA019BF-7A09-81A1-BF87-FBC1B5A84447}") = "CYplayer", "Assembly-CSharp-vs.csproj", "{F7ED9F05-0A30-E10E-FBB0-50562F4C6E07}"
EndProject
Project("{1AA019BF-7A09-81A1-BF87-FBC1B5A84447}") = "CYplayer", "Assembly-CSharp-Editor-vs.csproj", "{3583B107-6CA1-0FD9-8DD5-EC81A426D4E9}"
EndProject
Global
	GlobalSection(SolutionConfigurationPlatforms) = preSolution
		Debug|Any CPU = Debug|Any CPU
		Release|Any CPU = Release|Any CPU
	EndGlobalSection
	GlobalSection(ProjectConfigurationPlatforms) = postSolution
		{004F2EDD-C7D3-696B-094B-EED812EB5C6F}.Debug|Any CPU.ActiveCfg = Debug|Any CPU
		{004F2EDD-C7D3-696B-094B-EED812EB5C6F}.Debug|Any CPU.Build.0 = Debug|Any CPU
		{004F2EDD-C7D3-696B-094B-EED812EB5C6F}.Release|Any CPU.ActiveCfg = Release|Any CPU
		{004F2EDD-C7D3-696B-094B-EED812EB5C6F}.Release|Any CPU.Build.0 = Release|Any CPU
		{F7ED9F05-0A30-E10E-FBB0-50562F4C6E07}.Debug|Any CPU.ActiveCfg = Debug|Any CPU
		{F7ED9F05-0A30-E10E-FBB0-50562F4C6E07}.Debug|Any CPU.Build.0 = Debug|Any CPU
		{F7ED9F05-0A30-E10E-FBB0-50562F4C6E07}.Release|Any CPU.ActiveCfg = Release|Any CPU
		{F7ED9F05-0A30-E10E-FBB0-50562F4C6E07}.Release|Any CPU.Build.0 = Release|Any CPU
		{3583B107-6CA1-0FD9-8DD5-EC81A426D4E9}.Debug|Any CPU.ActiveCfg = Debug|Any CPU
		{3583B107-6CA1-0FD9-8DD5-EC81A426D4E9}.Debug|Any CPU.Build.0 = Debug|Any CPU
		{3583B107-6CA1-0FD9-8DD5-EC81A426D4E9}.Release|Any CPU.ActiveCfg = Release|Any CPU
		{3583B107-6CA1-0FD9-8DD5-EC81A426D4E9}.Release|Any CPU.Build.0 = Release|Any CPU
	EndGlobalSection
	GlobalSection(SolutionProperties) = preSolution
		HideSolutionNode = FALSE
	EndGlobalSection
																								GlobalSection(MonoDevelopProperties) = preSolution
		StartupItem = Assembly-CSharp.csproj
		Policies = $0
		$0.TextStylePolicy = $1
		$1.inheritsSet = null
		$1.scope = text/x-csharp
		$0.CSharpFormattingPolicy = $2
		$2.inheritsSet = Mono
		$2.inheritsScope = text/x-csharp
		$2.scope = text/x-csharp
		$0.TextStylePolicy = $3
		$3.FileWidth = 120
		$3.TabWidth = 4
		$3.IndentWidth = 4
		$3.EolMarker = Unix
		$3.inheritsSet = Mono
		$3.inheritsScope = text/plain
		$3.scope = text/plain
	EndGlobalSection

EndGlobal
