
Microsoft Visual Studio Solution File, Format Version 12.00
# Visual Studio 2013
Project("{FAE04EC0-301F-11D3-BF4B-00C04F79EFBC}") = "UnityVS.CYplayer.CSharp", "UnityVS.CYplayer.CSharp.csproj", "{3D08BEBD-0C46-57E9-B4D2-2A2E48AC189C}"
EndProject
Project("{FAE04EC0-301F-11D3-BF4B-00C04F79EFBC}") = "UnityVS.CYplayer.CSharp.Editor", "UnityVS.CYplayer.CSharp.Editor.csproj", "{4F5810B1-15F8-268F-A788-6F785EE153C2}"
EndProject
Project("{FAE04EC0-301F-11D3-BF4B-00C04F79EFBC}") = "UnityVS.CYplayer.CSharp.Plugins", "UnityVS.CYplayer.CSharp.Plugins.csproj", "{290D4F76-6F27-1FDD-85F2-277520EDF10C}"
EndProject
Global
	GlobalSection(SolutionConfigurationPlatforms) = preSolution
		Debug|Any CPU = Debug|Any CPU
		Release|Any CPU = Release|Any CPU
	EndGlobalSection
	GlobalSection(ProjectConfigurationPlatforms) = postSolution
		{3D08BEBD-0C46-57E9-B4D2-2A2E48AC189C}.Debug|Any CPU.ActiveCfg = Debug|Any CPU
		{3D08BEBD-0C46-57E9-B4D2-2A2E48AC189C}.Debug|Any CPU.Build.0 = Debug|Any CPU
		{3D08BEBD-0C46-57E9-B4D2-2A2E48AC189C}.Release|Any CPU.ActiveCfg = Release|Any CPU
		{3D08BEBD-0C46-57E9-B4D2-2A2E48AC189C}.Release|Any CPU.Build.0 = Release|Any CPU
		{4F5810B1-15F8-268F-A788-6F785EE153C2}.Debug|Any CPU.ActiveCfg = Debug|Any CPU
		{4F5810B1-15F8-268F-A788-6F785EE153C2}.Debug|Any CPU.Build.0 = Debug|Any CPU
		{4F5810B1-15F8-268F-A788-6F785EE153C2}.Release|Any CPU.ActiveCfg = Release|Any CPU
		{4F5810B1-15F8-268F-A788-6F785EE153C2}.Release|Any CPU.Build.0 = Release|Any CPU
		{290D4F76-6F27-1FDD-85F2-277520EDF10C}.Debug|Any CPU.ActiveCfg = Debug|Any CPU
		{290D4F76-6F27-1FDD-85F2-277520EDF10C}.Debug|Any CPU.Build.0 = Debug|Any CPU
		{290D4F76-6F27-1FDD-85F2-277520EDF10C}.Release|Any CPU.ActiveCfg = Release|Any CPU
		{290D4F76-6F27-1FDD-85F2-277520EDF10C}.Release|Any CPU.Build.0 = Release|Any CPU
	EndGlobalSection
	GlobalSection(SolutionProperties) = preSolution
		HideSolutionNode = FALSE
	EndGlobalSection
EndGlobal
